
Microsoft Visual Studio Solution File, Format Version 12.00
# Visual Studio 15
VisualStudioVersion = 15.0.28307.106
MinimumVisualStudioVersion = 10.0.40219.1
Project("{FAE04EC0-301F-11D3-BF4B-00C04F79EFBC}") = "KataTennis", "KataTennis\KataTennis.csproj", "{D226D3A8-F570-4208-B15A-1FAF7B30D512}"
EndProject
Global
	GlobalSection(SolutionConfigurationPlatforms) = preSolution
		Debug|Any CPU = Debug|Any CPU
		Release|Any CPU = Release|Any CPU
	EndGlobalSection
	GlobalSection(ProjectConfigurationPlatforms) = postSolution
		{D226D3A8-F570-4208-B15A-1FAF7B30D512}.Debug|Any CPU.ActiveCfg = Debug|Any CPU
		{D226D3A8-F570-4208-B15A-1FAF7B30D512}.Debug|Any CPU.Build.0 = Debug|Any CPU
		{D226D3A8-F570-4208-B15A-1FAF7B30D512}.Release|Any CPU.ActiveCfg = Release|Any CPU
		{D226D3A8-F570-4208-B15A-1FAF7B30D512}.Release|Any CPU.Build.0 = Release|Any CPU
	EndGlobalSection
	GlobalSection(SolutionProperties) = preSolution
		HideSolutionNode = FALSE
	EndGlobalSection
	GlobalSection(ExtensibilityGlobals) = postSolution
		SolutionGuid = {5C5CD5CB-86F8-46B5-89BB-A5009B36E951}
	EndGlobalSection
EndGlobal
